
Microsoft Visual Studio Solution File, Format Version 11.00
# Visual Studio 2010
Project("{FAE04EC0-301F-11D3-BF4B-00C04F79EFBC}") = "SotS Savegame Editor", "Sots Savegame Editor\SotS Savegame Editor.csproj", "{1A4D65E4-62AA-4416-A32B-FDCF25F8A8AF}"
EndProject
Project("{FAE04EC0-301F-11D3-BF4B-00C04F79EFBC}") = "TargaImage", "TargaImage\TargaImage.csproj", "{56F4BD87-2404-4263-80D5-6FA2161EB0A4}"
EndProject
Project("{FAE04EC0-301F-11D3-BF4B-00C04F79EFBC}") = "Save Structures", "Save Structures\Save Structures.csproj", "{0198D9AF-6D3D-47E8-92A9-0752A1BD415E}"
EndProject
Project("{FAE04EC0-301F-11D3-BF4B-00C04F79EFBC}") = "Exception Handler", "Exception Manager\Exception Handler.csproj", "{6EEC2717-FB0D-42D7-BABA-D2C024074B4F}"
EndProject
Project("{FAE04EC0-301F-11D3-BF4B-00C04F79EFBC}") = "Configuration Handler", "Configuration Handler\Configuration Handler.csproj", "{6E1496AB-268A-4EA2-99B3-726162F019F1}"
EndProject
Global
	GlobalSection(SolutionConfigurationPlatforms) = preSolution
		Debug|Any CPU = Debug|Any CPU
		Debug|Mixed Platforms = Debug|Mixed Platforms
		Debug|x86 = Debug|x86
		Release|Any CPU = Release|Any CPU
		Release|Mixed Platforms = Release|Mixed Platforms
		Release|x86 = Release|x86
	EndGlobalSection
	GlobalSection(ProjectConfigurationPlatforms) = postSolution
		{1A4D65E4-62AA-4416-A32B-FDCF25F8A8AF}.Debug|Any CPU.ActiveCfg = Debug|x86
		{1A4D65E4-62AA-4416-A32B-FDCF25F8A8AF}.Debug|Mixed Platforms.ActiveCfg = Debug|x86
		{1A4D65E4-62AA-4416-A32B-FDCF25F8A8AF}.Debug|Mixed Platforms.Build.0 = Debug|x86
		{1A4D65E4-62AA-4416-A32B-FDCF25F8A8AF}.Debug|x86.ActiveCfg = Debug|x86
		{1A4D65E4-62AA-4416-A32B-FDCF25F8A8AF}.Debug|x86.Build.0 = Debug|x86
		{1A4D65E4-62AA-4416-A32B-FDCF25F8A8AF}.Release|Any CPU.ActiveCfg = Release|x86
		{1A4D65E4-62AA-4416-A32B-FDCF25F8A8AF}.Release|Mixed Platforms.ActiveCfg = Release|x86
		{1A4D65E4-62AA-4416-A32B-FDCF25F8A8AF}.Release|Mixed Platforms.Build.0 = Release|x86
		{1A4D65E4-62AA-4416-A32B-FDCF25F8A8AF}.Release|x86.ActiveCfg = Release|x86
		{1A4D65E4-62AA-4416-A32B-FDCF25F8A8AF}.Release|x86.Build.0 = Release|x86
		{56F4BD87-2404-4263-80D5-6FA2161EB0A4}.Debug|Any CPU.ActiveCfg = Debug|Any CPU
		{56F4BD87-2404-4263-80D5-6FA2161EB0A4}.Debug|Any CPU.Build.0 = Debug|Any CPU
		{56F4BD87-2404-4263-80D5-6FA2161EB0A4}.Debug|Mixed Platforms.ActiveCfg = Debug|Any CPU
		{56F4BD87-2404-4263-80D5-6FA2161EB0A4}.Debug|Mixed Platforms.Build.0 = Debug|Any CPU
		{56F4BD87-2404-4263-80D5-6FA2161EB0A4}.Debug|x86.ActiveCfg = Debug|Any CPU
		{56F4BD87-2404-4263-80D5-6FA2161EB0A4}.Release|Any CPU.ActiveCfg = Release|Any CPU
		{56F4BD87-2404-4263-80D5-6FA2161EB0A4}.Release|Any CPU.Build.0 = Release|Any CPU
		{56F4BD87-2404-4263-80D5-6FA2161EB0A4}.Release|Mixed Platforms.ActiveCfg = Release|Any CPU
		{56F4BD87-2404-4263-80D5-6FA2161EB0A4}.Release|Mixed Platforms.Build.0 = Release|Any CPU
		{56F4BD87-2404-4263-80D5-6FA2161EB0A4}.Release|x86.ActiveCfg = Release|Any CPU
		{0198D9AF-6D3D-47E8-92A9-0752A1BD415E}.Debug|Any CPU.ActiveCfg = Debug|x86
		{0198D9AF-6D3D-47E8-92A9-0752A1BD415E}.Debug|Mixed Platforms.ActiveCfg = Debug|x86
		{0198D9AF-6D3D-47E8-92A9-0752A1BD415E}.Debug|Mixed Platforms.Build.0 = Debug|x86
		{0198D9AF-6D3D-47E8-92A9-0752A1BD415E}.Debug|x86.ActiveCfg = Debug|x86
		{0198D9AF-6D3D-47E8-92A9-0752A1BD415E}.Debug|x86.Build.0 = Debug|x86
		{0198D9AF-6D3D-47E8-92A9-0752A1BD415E}.Release|Any CPU.ActiveCfg = Release|x86
		{0198D9AF-6D3D-47E8-92A9-0752A1BD415E}.Release|Mixed Platforms.ActiveCfg = Release|x86
		{0198D9AF-6D3D-47E8-92A9-0752A1BD415E}.Release|Mixed Platforms.Build.0 = Release|x86
		{0198D9AF-6D3D-47E8-92A9-0752A1BD415E}.Release|x86.ActiveCfg = Release|x86
		{0198D9AF-6D3D-47E8-92A9-0752A1BD415E}.Release|x86.Build.0 = Release|x86
		{6EEC2717-FB0D-42D7-BABA-D2C024074B4F}.Debug|Any CPU.ActiveCfg = Debug|Any CPU
		{6EEC2717-FB0D-42D7-BABA-D2C024074B4F}.Debug|Any CPU.Build.0 = Debug|Any CPU
		{6EEC2717-FB0D-42D7-BABA-D2C024074B4F}.Debug|Mixed Platforms.ActiveCfg = Debug|Any CPU
		{6EEC2717-FB0D-42D7-BABA-D2C024074B4F}.Debug|Mixed Platforms.Build.0 = Debug|Any CPU
		{6EEC2717-FB0D-42D7-BABA-D2C024074B4F}.Debug|x86.ActiveCfg = Debug|Any CPU
		{6EEC2717-FB0D-42D7-BABA-D2C024074B4F}.Release|Any CPU.ActiveCfg = Release|Any CPU
		{6EEC2717-FB0D-42D7-BABA-D2C024074B4F}.Release|Any CPU.Build.0 = Release|Any CPU
		{6EEC2717-FB0D-42D7-BABA-D2C024074B4F}.Release|Mixed Platforms.ActiveCfg = Release|Any CPU
		{6EEC2717-FB0D-42D7-BABA-D2C024074B4F}.Release|Mixed Platforms.Build.0 = Release|Any CPU
		{6EEC2717-FB0D-42D7-BABA-D2C024074B4F}.Release|x86.ActiveCfg = Release|Any CPU
		{6E1496AB-268A-4EA2-99B3-726162F019F1}.Debug|Any CPU.ActiveCfg = Debug|Any CPU
		{6E1496AB-268A-4EA2-99B3-726162F019F1}.Debug|Any CPU.Build.0 = Debug|Any CPU
		{6E1496AB-268A-4EA2-99B3-726162F019F1}.Debug|Mixed Platforms.ActiveCfg = Debug|Any CPU
		{6E1496AB-268A-4EA2-99B3-726162F019F1}.Debug|Mixed Platforms.Build.0 = Debug|Any CPU
		{6E1496AB-268A-4EA2-99B3-726162F019F1}.Debug|x86.ActiveCfg = Debug|Any CPU
		{6E1496AB-268A-4EA2-99B3-726162F019F1}.Release|Any CPU.ActiveCfg = Release|Any CPU
		{6E1496AB-268A-4EA2-99B3-726162F019F1}.Release|Any CPU.Build.0 = Release|Any CPU
		{6E1496AB-268A-4EA2-99B3-726162F019F1}.Release|Mixed Platforms.ActiveCfg = Release|Any CPU
		{6E1496AB-268A-4EA2-99B3-726162F019F1}.Release|Mixed Platforms.Build.0 = Release|Any CPU
		{6E1496AB-268A-4EA2-99B3-726162F019F1}.Release|x86.ActiveCfg = Release|Any CPU
	EndGlobalSection
	GlobalSection(SolutionProperties) = preSolution
		HideSolutionNode = FALSE
	EndGlobalSection
EndGlobal
